<?xml version="1.0" encoding="utf-8"?>
<Project ToolsVersion="4.0" xmlns="http://schemas.microsoft.com/developer/msbuild/2003">
  <ItemGroup>
    <Filter Include="헤더 파일">
      <UniqueIdentifier>{93995380-89BD-4b04-88EB-625FBE52EBFB}</UniqueIdentifier>
      <Extensions>h;hh;hpp;hxx;h++;hm;inl;inc;ipp;xsd</Extensions>
    </Filter>
    <Filter Include="Scene">
      <UniqueIdentifier>{a4235f67-e247-4844-ab26-d59c63816c9b}</UniqueIdentifier>
    </Filter>
    <Filter Include="소스 파일">
      <UniqueIdentifier>{4FC737F1-C7A5-4376-A066-2A32D752A2FF}</UniqueIdentifier>
      <Extensions>cpp;c;cc;cxx;c++;cppm;ixx;def;odl;idl;hpj;bat;asm;asmx</Extensions>
    </Filter>
    <Filter Include="Scene\Lobby">
      <UniqueIdentifier>{85794e74-9dda-4424-8201-d0f5d5a509f2}</UniqueIdentifier>
    </Filter>
    <Filter Include="Scene\Menu">
      <UniqueIdentifier>{a0402b57-6a29-4cbb-82f8-8bce0f4bea6f}</UniqueIdentifier>
    </Filter>
    <Filter Include="Scene\Play">
      <UniqueIdentifier>{4d902f67-5861-452b-9f22-864e9d0596cf}</UniqueIdentifier>
    </Filter>
    <Filter Include="Scene\Start">
      <UniqueIdentifier>{9591c560-60ad-4b55-80ef-17b083f817ad}</UniqueIdentifier>
    </Filter>
    <Filter Include="Map">
      <UniqueIdentifier>{7c0d6b63-94f2-40e1-bf3c-16756da81666}</UniqueIdentifier>
    </Filter>
    <Filter Include="Resource">
      <UniqueIdentifier>{67DA6AB6-F800-4c08-8B7A-83BB121AAD01}</UniqueIdentifier>
      <Extensions>rc;ico;cur;bmp;dlg;rc2;rct;bin;rgs;gif;jpg;jpeg;jpe;resx;tiff;tif;png;wav;mfcribbon-ms</Extensions>
    </Filter>
    <Filter Include="Resource\UI">
      <UniqueIdentifier>{010406f2-341f-4cce-afcd-1f02dfa712bc}</UniqueIdentifier>
    </Filter>
    <Filter Include="Resource\Block">
      <UniqueIdentifier>{f2c60779-86db-47f7-84fa-b52d7eadf9b6}</UniqueIdentifier>
    </Filter>
    <Filter Include="Resource\Block\Village">
      <UniqueIdentifier>{029f1a81-5a9b-42d6-8442-ddfd9c70f06b}</UniqueIdentifier>
    </Filter>
    <Filter Include="Resource\Block\Pirate">
      <UniqueIdentifier>{df970cea-8816-4b7d-9072-8a5dec1d1030}</UniqueIdentifier>
    </Filter>
    <Filter Include="Resource\Character">
      <UniqueIdentifier>{7f023413-f905-4630-971c-64a3820e2891}</UniqueIdentifier>
    </Filter>
  </ItemGroup>
  <ItemGroup>
    <ClInclude Include="Resource.h">
      <Filter>헤더 파일</Filter>
    </ClInclude>
    <ClInclude Include="main.h">
      <Filter>헤더 파일</Filter>
    </ClInclude>
    <ClInclude Include="GameFramework.h">
      <Filter>헤더 파일</Filter>
    </ClInclude>
    <ClInclude Include="GameObject.h">
      <Filter>헤더 파일</Filter>
    </ClInclude>
    <ClInclude Include="Player.h">
      <Filter>헤더 파일</Filter>
    </ClInclude>
    <ClInclude Include="Timer.h">
      <Filter>헤더 파일</Filter>
    </ClInclude>
    <ClInclude Include="stdafx.h">
      <Filter>헤더 파일</Filter>
    </ClInclude>
    <ClInclude Include="BackGround.h">
      <Filter>헤더 파일</Filter>
    </ClInclude>
    <ClInclude Include="targetver.h">
      <Filter>헤더 파일</Filter>
    </ClInclude>
    <ClInclude Include="LobbyScene.h">
      <Filter>Scene\Lobby</Filter>
    </ClInclude>
    <ClInclude Include="PlayScene.h">
      <Filter>Scene\Play</Filter>
    </ClInclude>
    <ClInclude Include="MenuScene.h">
      <Filter>Scene\Menu</Filter>
    </ClInclude>
    <ClInclude Include="StartScene.h">
      <Filter>Scene\Start</Filter>
    </ClInclude>
    <ClInclude Include="Scene.h">
      <Filter>Scene</Filter>
    </ClInclude>
    <ClInclude Include="Map.h">
      <Filter>Map</Filter>
    </ClInclude>
  </ItemGroup>
  <ItemGroup>
    <ClCompile Include="main.cpp">
      <Filter>소스 파일</Filter>
    </ClCompile>
    <ClCompile Include="GameFramework.cpp">
      <Filter>소스 파일</Filter>
    </ClCompile>
    <ClCompile Include="GameObject.cpp">
      <Filter>소스 파일</Filter>
    </ClCompile>
    <ClCompile Include="Player.cpp">
      <Filter>소스 파일</Filter>
    </ClCompile>
    <ClCompile Include="Timer.cpp">
      <Filter>소스 파일</Filter>
    </ClCompile>
    <ClCompile Include="BackGround.cpp">
      <Filter>소스 파일</Filter>
    </ClCompile>
    <ClCompile Include="LobbyScene.cpp">
      <Filter>Scene\Lobby</Filter>
    </ClCompile>
    <ClCompile Include="MenuScene.cpp">
      <Filter>Scene\Menu</Filter>
    </ClCompile>
    <ClCompile Include="PlayScene.cpp">
      <Filter>Scene\Play</Filter>
    </ClCompile>
    <ClCompile Include="StartScene.cpp">
      <Filter>Scene\Start</Filter>
    </ClCompile>
    <ClCompile Include="Scene.cpp">
      <Filter>Scene</Filter>
    </ClCompile>
    <ClCompile Include="Map.cpp">
      <Filter>Map</Filter>
    </ClCompile>
  </ItemGroup>
  <ItemGroup>
    <ResourceCompile Include="Sample.rc">
      <Filter>Resource</Filter>
    </ResourceCompile>
  </ItemGroup>
  <ItemGroup>
    <Image Include="small.ico">
      <Filter>Resource</Filter>
    </Image>
    <Image Include="Sample.ico">
      <Filter>Resource</Filter>
    </Image>
    <Image Include="Image\ui\button_Exit.bmp">
      <Filter>Resource\UI</Filter>
    </Image>
    <Image Include="Image\ui\button_help.bmp">
      <Filter>Resource\UI</Filter>
    </Image>
    <Image Include="Image\ui\button_Play.bmp">
      <Filter>Resource\UI</Filter>
    </Image>
    <Image Include="Image\ui\button_select_map.bmp">
      <Filter>Resource\UI</Filter>
    </Image>
    <Image Include="Image\ui\login.bmp">
      <Filter>Resource\UI</Filter>
    </Image>
    <Image Include="Image\ui\map_pirate.bmp">
      <Filter>Resource\UI</Filter>
    </Image>
    <Image Include="Image\ui\map_select.bmp">
      <Filter>Resource\UI</Filter>
    </Image>
    <Image Include="Image\ui\map_select_button.bmp">
      <Filter>Resource\UI</Filter>
    </Image>
    <Image Include="Image\ui\map_test.bmp">
      <Filter>Resource\UI</Filter>
    </Image>
    <Image Include="Image\ui\map_village.bmp">
      <Filter>Resource\UI</Filter>
    </Image>
    <Image Include="Image\ui\room.bmp">
      <Filter>Resource\UI</Filter>
    </Image>
    <Image Include="Image\ui\pop_up_help.bmp">
      <Filter>Resource\UI</Filter>
    </Image>
    <Image Include="Image\ui\StageFrame.bmp">
      <Filter>Resource\UI</Filter>
    </Image>
    <Image Include="Image\tile\Tile_town.bmp">
      <Filter>Resource\Block\Village</Filter>
    </Image>
    <Image Include="Image\block\Town\TownBlockRed.bmp">
      <Filter>Resource\Block\Village</Filter>
    </Image>
    <Image Include="Image\block\Town\TownBlockYellow.bmp">
      <Filter>Resource\Block\Village</Filter>
    </Image>
    <Image Include="Image\block\Town\TownBox.bmp">
      <Filter>Resource\Block\Village</Filter>
    </Image>
    <Image Include="Image\block\Town\TownBush.bmp">
      <Filter>Resource\Block\Village</Filter>
    </Image>
    <Image Include="Image\block\Town\TownHouseRed.bmp">
      <Filter>Resource\Block\Village</Filter>
    </Image>
    <Image Include="Image\block\Town\TownHouseBlue.bmp">
      <Filter>Resource\Block\Village</Filter>
    </Image>
    <Image Include="Image\block\Town\TownHouseYellow.bmp">
      <Filter>Resource\Block\Village</Filter>
    </Image>
    <Image Include="Image\block\Town\TownTree.bmp">
      <Filter>Resource\Block\Village</Filter>
    </Image>
    <Image Include="Image\tile\Tile_pirate.bmp">
      <Filter>Resource\Block\Pirate</Filter>
    </Image>
    <Image Include="Image\block\block_pirate.bmp">
      <Filter>Resource\Block\Pirate</Filter>
    </Image>
    <Image Include="Image\character\bazzi\bazzi_up.bmp">
      <Filter>Resource\Character</Filter>
    </Image>
    <Image Include="Image\character\bazzi\bazzi_down.bmp">
      <Filter>Resource\Character</Filter>
    </Image>
    <Image Include="Image\character\bazzi\bazzi_left.bmp">
      <Filter>Resource\Character</Filter>
    </Image>
    <Image Include="Image\character\bazzi\bazzi_right.bmp">
      <Filter>Resource\Character</Filter>
    </Image>
    <Image Include="Image\tile\Ship\map_pirate_tile6.bmp">
      <Filter>Resource\Block\Pirate</Filter>
    </Image>
    <Image Include="Image\character\bazzi\bazzi_die.bmp">
      <Filter>Resource\Character</Filter>
    </Image>
    <Image Include="Image\character\bazzi\bazzi_live.bmp">
      <Filter>Resource\Character</Filter>
    </Image>
    <Image Include="Image\character\bazzi\bazzi_trap.bmp">
      <Filter>Resource\Character</Filter>
    </Image>
    <Image Include="Image\character\bazzi\bazzi_win.bmp">
      <Filter>Resource\Character</Filter>
    </Image>
    <Image Include="Image\effect\solo_player.bmp">
      <Filter>Resource\Character</Filter>
    </Image>
  </ItemGroup>
</Project>